
Microsoft Visual Studio Solution File, Format Version 12.00
# Visual Studio Version 16
VisualStudioVersion = 16.0.35130.168
MinimumVisualStudioVersion = 10.0.40219.1
Project("{8BC9CEB8-8B4A-11D0-8D11-00A0C91BC942}") = "lab4", "lab4.vcxproj", "{3A995236-C574-481B-A97B-8C5FF5BE42E6}"
EndProject
Global
	GlobalSection(SolutionConfigurationPlatforms) = preSolution
		Debug|x64 = Debug|x64
		Debug|x86 = Debug|x86
		Release|x64 = Release|x64
		Release|x86 = Release|x86
	EndGlobalSection
	GlobalSection(ProjectConfigurationPlatforms) = postSolution
		{3A995236-C574-481B-A97B-8C5FF5BE42E6}.Debug|x64.ActiveCfg = Debug|x64
		{3A995236-C574-481B-A97B-8C5FF5BE42E6}.Debug|x64.Build.0 = Debug|x64
		{3A995236-C574-481B-A97B-8C5FF5BE42E6}.Debug|x86.ActiveCfg = Debug|Win32
		{3A995236-C574-481B-A97B-8C5FF5BE42E6}.Debug|x86.Build.0 = Debug|Win32
		{3A995236-C574-481B-A97B-8C5FF5BE42E6}.Release|x64.ActiveCfg = Release|x64
		{3A995236-C574-481B-A97B-8C5FF5BE42E6}.Release|x64.Build.0 = Release|x64
		{3A995236-C574-481B-A97B-8C5FF5BE42E6}.Release|x86.ActiveCfg = Release|Win32
		{3A995236-C574-481B-A97B-8C5FF5BE42E6}.Release|x86.Build.0 = Release|Win32
	EndGlobalSection
	GlobalSection(SolutionProperties) = preSolution
		HideSolutionNode = FALSE
	EndGlobalSection
	GlobalSection(ExtensibilityGlobals) = postSolution
		SolutionGuid = {607BEEC7-2E03-4799-AA42-70FF07A2A871}
	EndGlobalSection
EndGlobal
